
Microsoft Visual Studio Solution File, Format Version 12.00
# Visual Studio 14
VisualStudioVersion = 14.0.25420.1
MinimumVisualStudioVersion = 10.0.40219.1
Project("{2150E333-8FDC-42A3-9474-1A3956D46DE8}") = "src", "src", "{9615F6EE-8F47-4335-97FA-8B6B75A0DCFB}"
EndProject
Project("{2150E333-8FDC-42A3-9474-1A3956D46DE8}") = "Solution Items", "Solution Items", "{F037056D-5524-489B-A8F1-D5DCAE347AF3}"
	ProjectSection(SolutionItems) = preProject
		global.json = global.json
	EndProjectSection
EndProject
Project("{8BB2217D-0F2D-49D1-97BC-3654ED321F3B}") = "FoodAPICore", "src\FoodAPICore\FoodAPICore.xproj", "{3DB9B418-E7F7-4F4D-880E-799129BA97A4}"
EndProject
Global
	GlobalSection(SolutionConfigurationPlatforms) = preSolution
		Debug|Any CPU = Debug|Any CPU
		Release|Any CPU = Release|Any CPU
	EndGlobalSection
	GlobalSection(ProjectConfigurationPlatforms) = postSolution
		{3DB9B418-E7F7-4F4D-880E-799129BA97A4}.Debug|Any CPU.ActiveCfg = Debug|Any CPU
		{3DB9B418-E7F7-4F4D-880E-799129BA97A4}.Debug|Any CPU.Build.0 = Debug|Any CPU
		{3DB9B418-E7F7-4F4D-880E-799129BA97A4}.Release|Any CPU.ActiveCfg = Release|Any CPU
		{3DB9B418-E7F7-4F4D-880E-799129BA97A4}.Release|Any CPU.Build.0 = Release|Any CPU
	EndGlobalSection
	GlobalSection(SolutionProperties) = preSolution
		HideSolutionNode = FALSE
	EndGlobalSection
	GlobalSection(NestedProjects) = preSolution
		{3DB9B418-E7F7-4F4D-880E-799129BA97A4} = {9615F6EE-8F47-4335-97FA-8B6B75A0DCFB}
	EndGlobalSection
EndGlobal
